{
  "version": 4,
  "terraform_version": "1.9.4",
  "serial": 4,
  "lineage": "b9cc67eb-4d97-6106-b7ae-5b25a54a9412",
  "outputs": {},
  "resources": [
    {
      "mode": "managed",
      "type": "local_file",
      "name": "productos",
      "provider": "provider[\"registry.terraform.io/hashicorp/local\"]",
      "instances": [
        {
          "schema_version": 0,
          "attributes": {
            "content": "Lista de productos para el mes próximo",
            "content_base64": null,
            "content_base64sha256": "7G4R67/36R0I1ZXdqeE7xSIw29pySORudOFmvGvEa40=",
            "content_base64sha512": "G/kvXtn3CMTNtx3MRf3W+dNBeDreoSnovkHlzW2r+RywlAUCFRu9i6bkX915QhB9U2WQOi0PaS4NNoEWvPHPqQ==",
            "content_md5": "586a4d1a59cc8bc335477dcee3df4791",
            "content_sha1": "228a326515253745b719c5d3f0cf6c7b8f57fe0f",
            "content_sha256": "ec6e11ebbff7e91d08d595dda9e13bc52230dbda7248e46e74e166bc6bc46b8d",
            "content_sha512": "1bf92f5ed9f708c4cdb71dcc45fdd6f9d341783adea129e8be41e5cd6dabf91cb0940502151bbd8ba6e45fdd7942107d5365903a2d0f692e0d368116bcf1cfa9",
            "directory_permission": "0777",
            "file_permission": "0777",
            "filename": "productos.txt",
            "id": "228a326515253745b719c5d3f0cf6c7b8f57fe0f",
            "sensitive_content": null,
            "source": null
          },
          "sensitive_attributes": [
            [
              {
                "type": "get_attr",
                "value": "sensitive_content"
              }
            ]
          ]
        }
      ]
    }
  ],
  "check_results": null
}
