{
  "version": 4,
  "terraform_version": "1.3.10",
  "serial": 12,
  "lineage": "566793db-8847-3ed0-ed4b-c3ab275b624a",
  "outputs": {},
  "resources": [
    {
      "mode": "managed",
      "type": "aws_vpc",
      "name": "vpc_stockholm",
      "provider": "provider[\"registry.terraform.io/hashicorp/aws\"]",
      "instances": [
        {
          "schema_version": 1,
          "attributes": {
            "arn": "arn:aws:ec2:eu-north-1:017820706851:vpc/vpc-0f07aa8369284fe2a",
            "assign_generated_ipv6_cidr_block": false,
            "cidr_block": "10.10.0.0/16",
            "default_network_acl_id": "acl-0b7de1eb7aa22ac9b",
            "default_route_table_id": "rtb-04fdfe87dc5871dd7",
            "default_security_group_id": "sg-0c9d4f428741546a6",
            "dhcp_options_id": "dopt-02ab0323a6a3f8eb6",
            "enable_classiclink": false,
            "enable_classiclink_dns_support": false,
            "enable_dns_hostnames": false,
            "enable_dns_support": true,
            "enable_network_address_usage_metrics": false,
            "id": "vpc-0f07aa8369284fe2a",
            "instance_tenancy": "default",
            "ipv4_ipam_pool_id": null,
            "ipv4_netmask_length": null,
            "ipv6_association_id": "",
            "ipv6_cidr_block": "",
            "ipv6_cidr_block_network_border_group": "",
            "ipv6_ipam_pool_id": "",
            "ipv6_netmask_length": 0,
            "main_route_table_id": "rtb-04fdfe87dc5871dd7",
            "owner_id": "017820706851",
            "tags": {
              "Name": "VPC_STOCKHOLM",
              "env": "Dev",
              "name": "prueba"
            },
            "tags_all": {
              "Name": "VPC_STOCKHOLM",
              "env": "Dev",
              "name": "prueba"
            }
          },
          "sensitive_attributes": [],
          "private": "eyJzY2hlbWFfdmVyc2lvbiI6IjEifQ=="
        }
      ]
    }
  ],
  "check_results": null
}
